PODS:
  - GCDWebServer (3.4.2):
    - GCDWebServer/Core (= 3.4.2)
  - GCDWebServer/Core (3.4.2)
  - ObjectMapper (3.4.2)
  - SDWebImage (4.4.2):
    - SDWebImage/Core (= 4.4.2)
  - SDWebImage/Core (4.4.2)
  - STRFTimeFormatter (1.1)
  - TweakologyEngine (0.1.8):
    - GCDWebServer (~> 3.0)
    - ObjectMapper (~> 3.4.1)
    - SDWebImage (~> 4.0)
    - TweakologyEngine/CryptoHash (= 0.1.8)
    - TweakologyEngine/LiquidKit (= 0.1.8)
  - TweakologyEngine/CryptoHash (0.1.8):
    - GCDWebServer (~> 3.0)
    - ObjectMapper (~> 3.4.1)
    - SDWebImage (~> 4.0)
  - TweakologyEngine/LiquidKit (0.1.8):
    - GCDWebServer (~> 3.0)
    - ObjectMapper (~> 3.4.1)
    - SDWebImage (~> 4.0)
    - STRFTimeFormatter

DEPENDENCIES:
  - GCDWebServer (= 3.4.2)
  - SDWebImage (= 4.4.2)
  - STRFTimeFormatter (from `https://github.com/brunophilipe/STRFTimeFormatter.git`)
  - TweakologyEngine (from `../`)

SPEC REPOS:
  https://github.com/cocoapods/specs.git:
    - GCDWebServer
    - ObjectMapper
    - SDWebImage

EXTERNAL SOURCES:
  STRFTimeFormatter:
    :git: https://github.com/brunophilipe/STRFTimeFormatter.git
  TweakologyEngine:
    :path: "../"

CHECKOUT OPTIONS:
  STRFTimeFormatter:
    :commit: 6b93f94f75eebd704bc7dda85ce6d81b171f9fa9
    :git: https://github.com/brunophilipe/STRFTimeFormatter.git

SPEC CHECKSUMS:
  GCDWebServer: 8d67ee9f634b4bb91eb4b8aee440318a5fc6debd
  ObjectMapper: 0d4402610f4e468903ae64629eec4784531e5c51
  SDWebImage: 624d6e296c69b244bcede364c72ae0430ac14681
  STRFTimeFormatter: 9d13f33cfd392b5ca1445a912691398bc4b73be6
  TweakologyEngine: 9bd4b3cb54aa8e96cb50e2ae490e4b0c7afc7753

PODFILE CHECKSUM: dd295ba090241ed3882a3c5385fff7cb5328d54f

COCOAPODS: 1.7.3
