PODS:
  - GCDWebServer (3.4.2):
    - GCDWebServer/Core (= 3.4.2)
  - GCDWebServer/Core (3.4.2)
  - ObjectMapper (3.4.1)
  - SDWebImage (4.4.2):
    - SDWebImage/Core (= 4.4.2)
  - SDWebImage/Core (4.4.2)
  - TweakologyEngine (0.1.2):
    - GCDWebServer (~> 3.0)
    - ObjectMapper (~> 3.1)
    - SDWebImage (~> 4.0)
    - TweakologyEngine/CryptoHash (= 0.1.2)
  - TweakologyEngine/CryptoHash (0.1.2):
    - GCDWebServer (~> 3.0)
    - ObjectMapper (~> 3.1)
    - SDWebImage (~> 4.0)

DEPENDENCIES:
  - GCDWebServer (= 3.4.2)
  - SDWebImage (= 4.4.2)
  - TweakologyEngine (from `../`)

SPEC REPOS:
  https://github.com/cocoapods/specs.git:
    - GCDWebServer
    - ObjectMapper
    - SDWebImage

EXTERNAL SOURCES:
  TweakologyEngine:
    :path: "../"

SPEC CHECKSUMS:
  GCDWebServer: 8d67ee9f634b4bb91eb4b8aee440318a5fc6debd
  ObjectMapper: 5311bd50ca732930959e7ca1a2de43ab823a5ced
  SDWebImage: 624d6e296c69b244bcede364c72ae0430ac14681
  TweakologyEngine: f90dfc6080488ffa13700ccc2e6f934dafde16c2

PODFILE CHECKSUM: 46145be5daa6dd623ca72a075af8ca0594edc9d3

COCOAPODS: 1.5.3
